
Microsoft Visual Studio Solution File, Format Version 12.00
# Visual Studio Version 17
VisualStudioVersion = 17.4.33110.190
MinimumVisualStudioVersion = 10.0.40219.1
Project("{2150E333-8FDC-42A3-9474-1A3956D46DE8}") = "Solution Items", "Solution Items", "{F819CCE1-5564-472A-A726-76C69A6E0252}"
	ProjectSection(SolutionItems) = preProject
		docker-compose.override.yml = docker-compose.override.yml
		docker-compose.yml = docker-compose.yml
		README.md = README.md
	EndProjectSection
EndProject
Project("{2150E333-8FDC-42A3-9474-1A3956D46DE8}") = "BuildingBlocks", "BuildingBlocks", "{33D19C38-BEA8-40E3-9D1F-7BD3E2435AA6}"
EndProject
Project("{9A19103F-16F7-4668-BE54-9A1E7A4F7556}") = "Common.Logging", "Common.Logging\Common.Logging.csproj", "{7217D3D8-55CD-4492-865C-01BF12F2FA83}"
EndProject
Project("{9A19103F-16F7-4668-BE54-9A1E7A4F7556}") = "Infrastructure", "Infrastructure\Infrastructure.csproj", "{5AFA1435-FD65-405F-8A44-2BC0D7DC3227}"
EndProject
Project("{9A19103F-16F7-4668-BE54-9A1E7A4F7556}") = "User-service", "User-service\User-service.csproj", "{3AFB6B2E-DECE-494F-BD3B-6E8C057B8C81}"
EndProject
Project("{9A19103F-16F7-4668-BE54-9A1E7A4F7556}") = "Course-service", "Course-service\Course-service.csproj", "{6C168A51-7C69-4120-963C-9A9B5567C05A}"
EndProject
Project("{9A19103F-16F7-4668-BE54-9A1E7A4F7556}") = "Shared", "Shared\Shared.csproj", "{7FC77802-2C30-4FD2-A479-D6203DE65466}"
EndProject
Project("{FAE04EC0-301F-11D3-BF4B-00C04F79EFBC}") = "EvenBus.Message", "EvenBus.Message\EvenBus.Message.csproj", "{2B93D2F5-3EB0-4575-8281-5E864A093C5F}"
EndProject
Global
	GlobalSection(SolutionConfigurationPlatforms) = preSolution
		Debug|Any CPU = Debug|Any CPU
		Release|Any CPU = Release|Any CPU
	EndGlobalSection
	GlobalSection(ProjectConfigurationPlatforms) = postSolution
		{7217D3D8-55CD-4492-865C-01BF12F2FA83}.Debug|Any CPU.ActiveCfg = Debug|Any CPU
		{7217D3D8-55CD-4492-865C-01BF12F2FA83}.Debug|Any CPU.Build.0 = Debug|Any CPU
		{7217D3D8-55CD-4492-865C-01BF12F2FA83}.Release|Any CPU.ActiveCfg = Release|Any CPU
		{7217D3D8-55CD-4492-865C-01BF12F2FA83}.Release|Any CPU.Build.0 = Release|Any CPU
		{5AFA1435-FD65-405F-8A44-2BC0D7DC3227}.Debug|Any CPU.ActiveCfg = Debug|Any CPU
		{5AFA1435-FD65-405F-8A44-2BC0D7DC3227}.Debug|Any CPU.Build.0 = Debug|Any CPU
		{5AFA1435-FD65-405F-8A44-2BC0D7DC3227}.Release|Any CPU.ActiveCfg = Release|Any CPU
		{5AFA1435-FD65-405F-8A44-2BC0D7DC3227}.Release|Any CPU.Build.0 = Release|Any CPU
		{3AFB6B2E-DECE-494F-BD3B-6E8C057B8C81}.Debug|Any CPU.ActiveCfg = Debug|Any CPU
		{3AFB6B2E-DECE-494F-BD3B-6E8C057B8C81}.Debug|Any CPU.Build.0 = Debug|Any CPU
		{3AFB6B2E-DECE-494F-BD3B-6E8C057B8C81}.Release|Any CPU.ActiveCfg = Release|Any CPU
		{3AFB6B2E-DECE-494F-BD3B-6E8C057B8C81}.Release|Any CPU.Build.0 = Release|Any CPU
		{6C168A51-7C69-4120-963C-9A9B5567C05A}.Debug|Any CPU.ActiveCfg = Debug|Any CPU
		{6C168A51-7C69-4120-963C-9A9B5567C05A}.Debug|Any CPU.Build.0 = Debug|Any CPU
		{6C168A51-7C69-4120-963C-9A9B5567C05A}.Release|Any CPU.ActiveCfg = Release|Any CPU
		{6C168A51-7C69-4120-963C-9A9B5567C05A}.Release|Any CPU.Build.0 = Release|Any CPU
		{7FC77802-2C30-4FD2-A479-D6203DE65466}.Debug|Any CPU.ActiveCfg = Debug|Any CPU
		{7FC77802-2C30-4FD2-A479-D6203DE65466}.Debug|Any CPU.Build.0 = Debug|Any CPU
		{7FC77802-2C30-4FD2-A479-D6203DE65466}.Release|Any CPU.ActiveCfg = Release|Any CPU
		{7FC77802-2C30-4FD2-A479-D6203DE65466}.Release|Any CPU.Build.0 = Release|Any CPU
		{2B93D2F5-3EB0-4575-8281-5E864A093C5F}.Debug|Any CPU.ActiveCfg = Debug|Any CPU
		{2B93D2F5-3EB0-4575-8281-5E864A093C5F}.Debug|Any CPU.Build.0 = Debug|Any CPU
		{2B93D2F5-3EB0-4575-8281-5E864A093C5F}.Release|Any CPU.ActiveCfg = Release|Any CPU
		{2B93D2F5-3EB0-4575-8281-5E864A093C5F}.Release|Any CPU.Build.0 = Release|Any CPU
	EndGlobalSection
	GlobalSection(SolutionProperties) = preSolution
		HideSolutionNode = FALSE
	EndGlobalSection
	GlobalSection(NestedProjects) = preSolution
		{7217D3D8-55CD-4492-865C-01BF12F2FA83} = {33D19C38-BEA8-40E3-9D1F-7BD3E2435AA6}
		{5AFA1435-FD65-405F-8A44-2BC0D7DC3227} = {33D19C38-BEA8-40E3-9D1F-7BD3E2435AA6}
		{7FC77802-2C30-4FD2-A479-D6203DE65466} = {33D19C38-BEA8-40E3-9D1F-7BD3E2435AA6}
		{2B93D2F5-3EB0-4575-8281-5E864A093C5F} = {33D19C38-BEA8-40E3-9D1F-7BD3E2435AA6}
	EndGlobalSection
	GlobalSection(ExtensibilityGlobals) = postSolution
		SolutionGuid = {2E056655-DA96-4FDD-B4DD-9C9543196A5E}
	EndGlobalSection
EndGlobal
